{
  "name": "airgame",
  "version": "1.0.0",
  "lockfileVersion": 1,
  "requires": true,
  "dependencies": {
    "fscreen": {
      "version": "1.0.2",
      "resolved": "https://registry.npmjs.org/fscreen/-/fscreen-1.0.2.tgz",
      "integrity": "sha1-xMUdltgZ11oZ1yjg30Rfm+m7mE8="
    },
    "matter-js": {
      "version": "0.14.2",
      "resolved": "https://registry.npmjs.org/matter-js/-/matter-js-0.14.2.tgz",
      "integrity": "sha512-3ttVT8cJlQnGRjBa8MyVrGyvGmnmOkZ3YsyemIw+KwEEdVi70mo32FH1Eta2b3GfdDJFbMDRqyMQt4heNKBUEA=="
    }
  }
}
